
Microsoft Visual Studio Solution File, Format Version 12.00
# Visual Studio Version 16
VisualStudioVersion = 16.0.30011.22
MinimumVisualStudioVersion = 10.0.40219.1
Project("{FAE04EC0-301F-11D3-BF4B-00C04F79EFBC}") = "LibrarySysApi", "LibrarySysApi\LibrarySysApi.csproj", "{B87AF28D-A256-4196-90A1-6AF897A6774B}"
EndProject
Global
	GlobalSection(SolutionConfigurationPlatforms) = preSolution
		Debug|Any CPU = Debug|Any CPU
		Release|Any CPU = Release|Any CPU
	EndGlobalSection
	GlobalSection(ProjectConfigurationPlatforms) = postSolution
		{B87AF28D-A256-4196-90A1-6AF897A6774B}.Debug|Any CPU.ActiveCfg = Debug|Any CPU
		{B87AF28D-A256-4196-90A1-6AF897A6774B}.Debug|Any CPU.Build.0 = Debug|Any CPU
		{B87AF28D-A256-4196-90A1-6AF897A6774B}.Release|Any CPU.ActiveCfg = Release|Any CPU
		{B87AF28D-A256-4196-90A1-6AF897A6774B}.Release|Any CPU.Build.0 = Release|Any CPU
	EndGlobalSection
	GlobalSection(SolutionProperties) = preSolution
		HideSolutionNode = FALSE
	EndGlobalSection
	GlobalSection(ExtensibilityGlobals) = postSolution
		SolutionGuid = {CEA5A54B-E30D-4490-8925-3045E0B9CC07}
	EndGlobalSection
EndGlobal
